# THIS IS AN AUTOGENERATED FILE. DO NOT EDIT THIS FILE DIRECTLY.
# yarn lockfile v1
deep-extend@~0.2.5:
  version "0.2.11"
  resolved "https://registry.yarnpkg.com/deep-extend/-/deep-extend-0.2.11.tgz#7a16ba69729132340506170494bc83f7076fe08f"

level-manifest@^1.2.0:
  version "1.2.0"
  resolved "https://registry.yarnpkg.com/level-manifest/-/level-manifest-1.2.0.tgz#06200d3a768bfd6b5181b27bfa9b0efcbb06fe55"
  dependencies:
    deep-extend "~0.2.5"

